// !$*UTF8*$!
{
	archiveVersion = 1;
	classes = {
	};
	objectVersion = 50;
	objects = {

/* Begin PBXBuildFile section */
		4522C20F240570F200EBC524 /* AppDelegate.swift in Sources */ = {isa = PBXBuildFile; fileRef = 4522C20E240570F200EBC524 /* AppDelegate.swift */; };
		4522C211240570F200EBC524 /* SceneDelegate.swift in Sources */ = {isa = PBXBuildFile; fileRef = 4522C210240570F200EBC524 /* SceneDelegate.swift */; };
		4522C213240570F200EBC524 /* ViewController.swift in Sources */ = {isa = PBXBuildFile; fileRef = 4522C212240570F200EBC524 /* ViewController.swift */; };
		4522C216240570F200EBC524 /* Main.storyboard in Resources */ = {isa = PBXBuildFile; fileRef = 4522C214240570F200EBC524 /* Main.storyboard */; };
		4522C218240570FB00EBC524 /* Assets.xcassets in Resources */ = {isa = PBXBuildFile; fileRef = 4522C217240570FB00EBC524 /* Assets.xcassets */; };
		4522C21B240570FB00EBC524 /* LaunchScreen.storyboard in Resources */ = {isa = PBXBuildFile; fileRef = 4522C219240570FB00EBC524 /* LaunchScreen.storyboard */; };
		4522C226240570FC00EBC524 /* Homeowrk4Tests.swift in Sources */ = {isa = PBXBuildFile; fileRef = 4522C225240570FC00EBC524 /* Homeowrk4Tests.swift */; };
		4522C231240570FC00EBC524 /* Homeowrk4UITests.swift in Sources */ = {isa = PBXBuildFile; fileRef = 4522C230240570FC00EBC524 /* Homeowrk4UITests.swift */; };
/* End PBXBuildFile section */

/* Begin PBXContainerItemProxy section */
		4522C222240570FC00EBC524 /* PBXContainerItemProxy */ = {
			isa = PBXContainerItemProxy;
			containerPortal = 4522C203240570F200EBC524 /* Project object */;
			proxyType = 1;
			remoteGlobalIDString = 4522C20A240570F200EBC524;
			remoteInfo = Homeowrk4;
		};
		4522C22D240570FC00EBC524 /* PBXContainerItemProxy */ = {
			isa = PBXContainerItemProxy;
			containerPortal = 4522C203240570F200EBC524 /* Project object */;
			proxyType = 1;
			remoteGlobalIDString = 4522C20A240570F200EBC524;
			remoteInfo = Homeowrk4;
		};
/* End PBXContainerItemProxy section */

/* Begin PBXFileReference section */
		4522C20B240570F200EBC524 /* Homeowrk4.app */ = {isa = PBXFileReference; explicitFileType = wrapper.application; includeInIndex = 0; path = Homeowrk4.app; sourceTree = BUILT_PRODUCTS_DIR; };
		4522C20E240570F200EBC524 /* AppDelegate.swift */ = {isa = PBXFileReference; lastKnownFileType = sourcecode.swift; path = AppDelegate.swift; sourceTree = "<group>"; };
		4522C210240570F200EBC524 /* SceneDelegate.swift */ = {isa = PBXFileReference; lastKnownFileType = sourcecode.swift; path = SceneDelegate.swift; sourceTree = "<group>"; };
		4522C212240570F200EBC524 /* ViewController.swift */ = {isa = PBXFileReference; lastKnownFileType = sourcecode.swift; path = ViewController.swift; sourceTree = "<group>"; };
		4522C215240570F200EBC524 /* Base */ = {isa = PBXFileReference; lastKnownFileType = file.storyboard; name = Base; path = Base.lproj/Main.storyboard; sourceTree = "<group>"; };
		4522C217240570FB00EBC524 /* Assets.xcassets */ = {isa = PBXFileReference; lastKnownFileType = folder.assetcatalog; path = Assets.xcassets; sourceTree = "<group>"; };
		4522C21A240570FB00EBC524 /* Base */ = {isa = PBXFileReference; lastKnownFileType = file.storyboard; name = Base; path = Base.lproj/LaunchScreen.storyboard; sourceTree = "<group>"; };
		4522C21C240570FB00EBC524 /* Info.plist */ = {isa = PBXFileReference; lastKnownFileType = text.plist.xml; path = Info.plist; sourceTree = "<group>"; };
		4522C221240570FC00EBC524 /* Homeowrk4Tests.xctest */ = {isa = PBXFileReference; explicitFileType = wrapper.cfbundle; includeInIndex = 0; path = Homeowrk4Tests.xctest; sourceTree = BUILT_PRODUCTS_DIR; };
		4522C225240570FC00EBC524 /* Homeowrk4Tests.swift */ = {isa = PBXFileReference; lastKnownFileType = sourcecode.swift; path = Homeowrk4Tests.swift; sourceTree = "<group>"; };
		4522C227240570FC00EBC524 /* Info.plist */ = {isa = PBXFileReference; lastKnownFileType = text.plist.xml; path = Info.plist; sourceTree = "<group>"; };
		4522C22C240570FC00EBC524 /* Homeowrk4UITests.xctest */ = {isa = PBXFileReference; explicitFileType = wrapper.cfbundle; includeInIndex = 0; path = Homeowrk4UITests.xctest; sourceTree = BUILT_PRODUCTS_DIR; };
		4522C230240570FC00EBC524 /* Homeowrk4UITests.swift */ = {isa = PBXFileReference; lastKnownFileType = sourcecode.swift; path = Homeowrk4UITests.swift; sourceTree = "<group>"; };
		4522C232240570FC00EBC524 /* Info.plist */ = {isa = PBXFileReference; lastKnownFileType = text.plist.xml; path = Info.plist; sourceTree = "<group>"; };
/* End PBXFileReference section */

/* Begin PBXFrameworksBuildPhase section */
		4522C208240570F200EBC524 /* Frameworks */ = {
			isa = PBXFrameworksBuildPhase;
			buildActionMask = 2147483647;
			files = (
			);
			runOnlyForDeploymentPostprocessing = 0;
		};
		4522C21E240570FC00EBC524 /* Frameworks */ = {
			isa = PBXFrameworksBuildPhase;
			buildActionMask = 2147483647;
			files = (
			);
			runOnlyForDeploymentPostprocessing = 0;
		};
		4522C229240570FC00EBC524 /* Frameworks */ = {
			isa = PBXFrameworksBuildPhase;
			buildActionMask = 2147483647;
			files = (
			);
			runOnlyForDeploymentPostprocessing = 0;
		};
/* End PBXFrameworksBuildPhase section */

/* Begin PBXGroup section */
		4522C202240570F200EBC524 = {
			isa = PBXGroup;
			children = (
				4522C20D240570F200EBC524 /* Homeowrk4 */,
				4522C224240570FC00EBC524 /* Homeowrk4Tests */,
				4522C22F240570FC00EBC524 /* Homeowrk4UITests */,
				4522C20C240570F200EBC524 /* Products */,
			);
			sourceTree = "<group>";
		};
		4522C20C240570F200EBC524 /* Products */ = {
			isa = PBXGroup;
			children = (
				4522C20B240570F200EBC524 /* Homeowrk4.app */,
				4522C221240570FC00EBC524 /* Homeowrk4Tests.xctest */,
				4522C22C240570FC00EBC524 /* Homeowrk4UITests.xctest */,
			);
			name = Products;
			sourceTree = "<group>";
		};
		4522C20D240570F200EBC524 /* Homeowrk4 */ = {
			isa = PBXGroup;
			children = (
				4522C20E240570F200EBC524 /* AppDelegate.swift */,
				4522C210240570F200EBC524 /* SceneDelegate.swift */,
				4522C212240570F200EBC524 /* ViewController.swift */,
				4522C214240570F200EBC524 /* Main.storyboard */,
				4522C217240570FB00EBC524 /* Assets.xcassets */,
				4522C219240570FB00EBC524 /* LaunchScreen.storyboard */,
				4522C21C240570FB00EBC524 /* Info.plist */,
			);
			path = Homeowrk4;
			sourceTree = "<group>";
		};
		4522C224240570FC00EBC524 /* Homeowrk4Tests */ = {
			isa = PBXGroup;
			children = (
				4522C225240570FC00EBC524 /* Homeowrk4Tests.swift */,
				4522C227240570FC00EBC524 /* Info.plist */,
			);
			path = Homeowrk4Tests;
			sourceTree = "<group>";
		};
		4522C22F240570FC00EBC524 /* Homeowrk4UITests */ = {
			isa = PBXGroup;
			children = (
				4522C230240570FC00EBC524 /* Homeowrk4UITests.swift */,
				4522C232240570FC00EBC524 /* Info.plist */,
			);
			path = Homeowrk4UITests;
			sourceTree = "<group>";
		};
/* End PBXGroup section */

/* Begin PBXNativeTarget section */
		4522C20A240570F200EBC524 /* Homeowrk4 */ = {
			isa = PBXNativeTarget;
			buildConfigurationList = 4522C235240570FC00EBC524 /* Build configuration list for PBXNativeTarget "Homeowrk4" */;
			buildPhases = (
				4522C207240570F200EBC524 /* Sources */,
				4522C208240570F200EBC524 /* Frameworks */,
				4522C209240570F200EBC524 /* Resources */,
			);
			buildRules = (
			);
			dependencies = (
			);
			name = Homeowrk4;
			productName = Homeowrk4;
			productReference = 4522C20B240570F200EBC524 /* Homeowrk4.app */;
			productType = "com.apple.product-type.application";
		};
		4522C220240570FC00EBC524 /* Homeowrk4Tests */ = {
			isa = PBXNativeTarget;
			buildConfigurationList = 4522C238240570FC00EBC524 /* Build configuration list for PBXNativeTarget "Homeowrk4Tests" */;
			buildPhases = (
				4522C21D240570FC00EBC524 /* Sources */,
				4522C21E240570FC00EBC524 /* Frameworks */,
				4522C21F240570FC00EBC524 /* Resources */,
			);
			buildRules = (
			);
			dependencies = (
				4522C223240570FC00EBC524 /* PBXTargetDependency */,
			);
			name = Homeowrk4Tests;
			productName = Homeowrk4Tests;
			productReference = 4522C221240570FC00EBC524 /* Homeowrk4Tests.xctest */;
			productType = "com.apple.product-type.bundle.unit-test";
		};
		4522C22B240570FC00EBC524 /* Homeowrk4UITests */ = {
			isa = PBXNativeTarget;
			buildConfigurationList = 4522C23B240570FC00EBC524 /* Build configuration list for PBXNativeTarget "Homeowrk4UITests" */;
			buildPhases = (
				4522C228240570FC00EBC524 /* Sources */,
				4522C229240570FC00EBC524 /* Frameworks */,
				4522C22A240570FC00EBC524 /* Resources */,
			);
			buildRules = (
			);
			dependencies = (
				4522C22E240570FC00EBC524 /* PBXTargetDependency */,
			);
			name = Homeowrk4UITests;
			productName = Homeowrk4UITests;
			productReference = 4522C22C240570FC00EBC524 /* Homeowrk4UITests.xctest */;
			productType = "com.apple.product-type.bundle.ui-testing";
		};
/* End PBXNativeTarget section */

/* Begin PBXProject section */
		4522C203240570F200EBC524 /* Project object */ = {
			isa = PBXProject;
			attributes = {
				LastSwiftUpdateCheck = 1130;
				LastUpgradeCheck = 1130;
				ORGANIZATIONNAME = "Dioh Desuah";
				TargetAttributes = {
					4522C20A240570F200EBC524 = {
						CreatedOnToolsVersion = 11.3.1;
					};
					4522C220240570FC00EBC524 = {
						CreatedOnToolsVersion = 11.3.1;
						TestTargetID = 4522C20A240570F200EBC524;
					};
					4522C22B240570FC00EBC524 = {
						CreatedOnToolsVersion = 11.3.1;
						TestTargetID = 4522C20A240570F200EBC524;
					};
				};
			};
			buildConfigurationList = 4522C206240570F200EBC524 /* Build configuration list for PBXProject "Homeowrk4" */;
			compatibilityVersion = "Xcode 9.3";
			developmentRegion = en;
			hasScannedForEncodings = 0;
			knownRegions = (
				en,
				Base,
			);
			mainGroup = 4522C202240570F200EBC524;
			productRefGroup = 4522C20C240570F200EBC524 /* Products */;
			projectDirPath = "";
			projectRoot = "";
			targets = (
				4522C20A240570F200EBC524 /* Homeowrk4 */,
				4522C220240570FC00EBC524 /* Homeowrk4Tests */,
				4522C22B240570FC00EBC524 /* Homeowrk4UITests */,
			);
		};
/* End PBXProject section */

/* Begin PBXResourcesBuildPhase section */
		4522C209240570F200EBC524 /* Resources */ = {
			isa = PBXResourcesBuildPhase;
			buildActionMask = 2147483647;
			files = (
				4522C21B240570FB00EBC524 /* LaunchScreen.storyboard in Resources */,
				4522C218240570FB00EBC524 /* Assets.xcassets in Resources */,
				4522C216240570F200EBC524 /* Main.storyboard in Resources */,
			);
			runOnlyForDeploymentPostprocessing = 0;
		};
		4522C21F240570FC00EBC524 /* Resources */ = {
			isa = PBXResourcesBuildPhase;
			buildActionMask = 2147483647;
			files = (
			);
			runOnlyForDeploymentPostprocessing = 0;
		};
		4522C22A240570FC00EBC524 /* Resources */ = {
			isa = PBXResourcesBuildPhase;
			buildActionMask = 2147483647;
			files = (
			);
			runOnlyForDeploymentPostprocessing = 0;
		};
/* End PBXResourcesBuildPhase section */

/* Begin PBXSourcesBuildPhase section */
		4522C207240570F200EBC524 /* Sources */ = {
			isa = PBXSourcesBuildPhase;
			buildActionMask = 2147483647;
			files = (
				4522C213240570F200EBC524 /* ViewController.swift in Sources */,
				4522C20F240570F200EBC524 /* AppDelegate.swift in Sources */,
				4522C211240570F200EBC524 /* SceneDelegate.swift in Sources */,
			);
			runOnlyForDeploymentPostprocessing = 0;
		};
		4522C21D240570FC00EBC524 /* Sources */ = {
			isa = PBXSourcesBuildPhase;
			buildActionMask = 2147483647;
			files = (
				4522C226240570FC00EBC524 /* Homeowrk4Tests.swift in Sources */,
			);
			runOnlyForDeploymentPostprocessing = 0;
		};
		4522C228240570FC00EBC524 /* Sources */ = {
			isa = PBXSourcesBuildPhase;
			buildActionMask = 2147483647;
			files = (
				4522C231240570FC00EBC524 /* Homeowrk4UITests.swift in Sources */,
			);
			runOnlyForDeploymentPostprocessing = 0;
		};
/* End PBXSourcesBuildPhase section */

/* Begin PBXTargetDependency section */
		4522C223240570FC00EBC524 /* PBXTargetDependency */ = {
			isa = PBXTargetDependency;
			target = 4522C20A240570F200EBC524 /* Homeowrk4 */;
			targetProxy = 4522C222240570FC00EBC524 /* PBXContainerItemProxy */;
		};
		4522C22E240570FC00EBC524 /* PBXTargetDependency */ = {
			isa = PBXTargetDependency;
			target = 4522C20A240570F200EBC524 /* Homeowrk4 */;
			targetProxy = 4522C22D240570FC00EBC524 /* PBXContainerItemProxy */;
		};
/* End PBXTargetDependency section */

/* Begin PBXVariantGroup section */
		4522C214240570F200EBC524 /* Main.storyboard */ = {
			isa = PBXVariantGroup;
			children = (
				4522C215240570F200EBC524 /* Base */,
			);
			name = Main.storyboard;
			sourceTree = "<group>";
		};
		4522C219240570FB00EBC524 /* LaunchScreen.storyboard */ = {
			isa = PBXVariantGroup;
			children = (
				4522C21A240570FB00EBC524 /* Base */,
			);
			name = LaunchScreen.storyboard;
			sourceTree = "<group>";
		};
/* End PBXVariantGroup section */

/* Begin XCBuildConfiguration section */
		4522C233240570FC00EBC524 /* Debug */ = {
			isa = XCBuildConfiguration;
			buildSettings = {
				ALWAYS_SEARCH_USER_PATHS = NO;
				CLANG_ANALYZER_NONNULL = YES;
				CLANG_ANALYZER_NUMBER_OBJECT_CONVERSION = YES_AGGRESSIVE;
				CLANG_CXX_LANGUAGE_STANDARD = "gnu++14";
				CLANG_CXX_LIBRARY = "libc++";
				CLANG_ENABLE_MODULES = YES;
				CLANG_ENABLE_OBJC_ARC = YES;
				CLANG_ENABLE_OBJC_WEAK = YES;
				CLANG_WARN_BLOCK_CAPTURE_AUTORELEASING = YES;
				CLANG_WARN_BOOL_CONVERSION = YES;
				CLANG_WARN_COMMA = YES;
				CLANG_WARN_CONSTANT_CONVERSION = YES;
				CLANG_WARN_DEPRECATED_OBJC_IMPLEMENTATIONS = YES;
				CLANG_WARN_DIRECT_OBJC_ISA_USAGE = YES_ERROR;
				CLANG_WARN_DOCUMENTATION_COMMENTS = YES;
				CLANG_WARN_EMPTY_BODY = YES;
				CLANG_WARN_ENUM_CONVERSION = YES;
				CLANG_WARN_INFINITE_RECURSION = YES;
				CLANG_WARN_INT_CONVERSION = YES;
				CLANG_WARN_NON_LITERAL_NULL_CONVERSION = YES;
				CLANG_WARN_OBJC_IMPLICIT_RETAIN_SELF = YES;
				CLANG_WARN_OBJC_LITERAL_CONVERSION = YES;
				CLANG_WARN_OBJC_ROOT_CLASS = YES_ERROR;
				CLANG_WARN_RANGE_LOOP_ANALYSIS = YES;
				CLANG_WARN_STRICT_PROTOTYPES = YES;
				CLANG_WARN_SUSPICIOUS_MOVE = YES;
				CLANG_WARN_UNGUARDED_AVAILABILITY = YES_AGGRESSIVE;
				CLANG_WARN_UNREACHABLE_CODE = YES;
				CLANG_WARN__DUPLICATE_METHOD_MATCH = YES;
				COPY_PHASE_STRIP = NO;
				DEBUG_INFORMATION_FORMAT = dwarf;
				ENABLE_STRICT_OBJC_MSGSEND = YES;
				ENABLE_TESTABILITY = YES;
				GCC_C_LANGUAGE_STANDARD = gnu11;
				GCC_DYNAMIC_NO_PIC = NO;
				GCC_NO_COMMON_BLOCKS = YES;
				GCC_OPTIMIZATION_LEVEL = 0;
				GCC_PREPROCESSOR_DEFINITIONS = (
					"DEBUG=1",
					"$(inherited)",
				);
				GCC_WARN_64_TO_32_BIT_CONVERSION = YES;
				GCC_WARN_ABOUT_RETURN_TYPE = YES_ERROR;
				GCC_WARN_UNDECLARED_SELECTOR = YES;
				GCC_WARN_UNINITIALIZED_AUTOS = YES_AGGRESSIVE;
				GCC_WARN_UNUSED_FUNCTION = YES;
				GCC_WARN_UNUSED_VARIABLE = YES;
				IPHONEOS_DEPLOYMENT_TARGET = 13.2;
				MTL_ENABLE_DEBUG_INFO = INCLUDE_SOURCE;
				MTL_FAST_MATH = YES;
				ONLY_ACTIVE_ARCH = YES;
				SDKROOT = iphoneos;
				SWIFT_ACTIVE_COMPILATION_CONDITIONS = DEBUG;
				SWIFT_OPTIMIZATION_LEVEL = "-Onone";
			};
			name = Debug;
		};
		4522C234240570FC00EBC524 /* Release */ = {
			isa = XCBuildConfiguration;
			buildSettings = {
				ALWAYS_SEARCH_USER_PATHS = NO;
				CLANG_ANALYZER_NONNULL = YES;
				CLANG_ANALYZER_NUMBER_OBJECT_CONVERSION = YES_AGGRESSIVE;
				CLANG_CXX_LANGUAGE_STANDARD = "gnu++14";
				CLANG_CXX_LIBRARY = "libc++";
				CLANG_ENABLE_MODULES = YES;
				CLANG_ENABLE_OBJC_ARC = YES;
				CLANG_ENABLE_OBJC_WEAK = YES;
				CLANG_WARN_BLOCK_CAPTURE_AUTORELEASING = YES;
				CLANG_WARN_BOOL_CONVERSION = YES;
				CLANG_WARN_COMMA = YES;
				CLANG_WARN_CONSTANT_CONVERSION = YES;
				CLANG_WARN_DEPRECATED_OBJC_IMPLEMENTATIONS = YES;
				CLANG_WARN_DIRECT_OBJC_ISA_USAGE = YES_ERROR;
				CLANG_WARN_DOCUMENTATION_COMMENTS = YES;
				CLANG_WARN_EMPTY_BODY = YES;
				CLANG_WARN_ENUM_CONVERSION = YES;
				CLANG_WARN_INFINITE_RECURSION = YES;
				CLANG_WARN_INT_CONVERSION = YES;
				CLANG_WARN_NON_LITERAL_NULL_CONVERSION = YES;
				CLANG_WARN_OBJC_IMPLICIT_RETAIN_SELF = YES;
				CLANG_WARN_OBJC_LITERAL_CONVERSION = YES;
				CLANG_WARN_OBJC_ROOT_CLASS = YES_ERROR;
				CLANG_WARN_RANGE_LOOP_ANALYSIS = YES;
				CLANG_WARN_STRICT_PROTOTYPES = YES;
				CLANG_WARN_SUSPICIOUS_MOVE = YES;
				CLANG_WARN_UNGUARDED_AVAILABILITY = YES_AGGRESSIVE;
				CLANG_WARN_UNREACHABLE_CODE = YES;
				CLANG_WARN__DUPLICATE_METHOD_MATCH = YES;
				COPY_PHASE_STRIP = NO;
				DEBUG_INFORMATION_FORMAT = "dwarf-with-dsym";
				ENABLE_NS_ASSERTIONS = NO;
				ENABLE_STRICT_OBJC_MSGSEND = YES;
				GCC_C_LANGUAGE_STANDARD = gnu11;
				GCC_NO_COMMON_BLOCKS = YES;
				GCC_WARN_64_TO_32_BIT_CONVERSION = YES;
				GCC_WARN_ABOUT_RETURN_TYPE = YES_ERROR;
				GCC_WARN_UNDECLARED_SELECTOR = YES;
				GCC_WARN_UNINITIALIZED_AUTOS = YES_AGGRESSIVE;
				GCC_WARN_UNUSED_FUNCTION = YES;
				GCC_WARN_UNUSED_VARIABLE = YES;
				IPHONEOS_DEPLOYMENT_TARGET = 13.2;
				MTL_ENABLE_DEBUG_INFO = NO;
				MTL_FAST_MATH = YES;
				SDKROOT = iphoneos;
				SWIFT_COMPILATION_MODE = wholemodule;
				SWIFT_OPTIMIZATION_LEVEL = "-O";
				VALIDATE_PRODUCT = YES;
			};
			name = Release;
		};
		4522C236240570FC00EBC524 /* Debug */ = {
			isa = XCBuildConfiguration;
			buildSettings = {
				ASSETCATALOG_COMPILER_APPICON_NAME = AppIcon;
				CODE_SIGN_STYLE = Automatic;
				DEVELOPMENT_TEAM = C78B9845HJ;
				INFOPLIST_FILE = Homeowrk4/Info.plist;
				LD_RUNPATH_SEARCH_PATHS = (
					"$(inherited)",
					"@executable_path/Frameworks",
				);
				PRODUCT_BUNDLE_IDENTIFIER = meta.Homeowrk4;
				PRODUCT_NAME = "$(TARGET_NAME)";
				SWIFT_VERSION = 5.0;
				TARGETED_DEVICE_FAMILY = "1,2";
			};
			name = Debug;
		};
		4522C237240570FC00EBC524 /* Release */ = {
			isa = XCBuildConfiguration;
			buildSettings = {
				ASSETCATALOG_COMPILER_APPICON_NAME = AppIcon;
				CODE_SIGN_STYLE = Automatic;
				DEVELOPMENT_TEAM = C78B9845HJ;
				INFOPLIST_FILE = Homeowrk4/Info.plist;
				LD_RUNPATH_SEARCH_PATHS = (
					"$(inherited)",
					"@executable_path/Frameworks",
				);
				PRODUCT_BUNDLE_IDENTIFIER = meta.Homeowrk4;
				PRODUCT_NAME = "$(TARGET_NAME)";
				SWIFT_VERSION = 5.0;
				TARGETED_DEVICE_FAMILY = "1,2";
			};
			name = Release;
		};
		4522C239240570FC00EBC524 /* Debug */ = {
			isa = XCBuildConfiguration;
			buildSettings = {
				ALWAYS_EMBED_SWIFT_STANDARD_LIBRARIES = YES;
				BUNDLE_LOADER = "$(TEST_HOST)";
				CODE_SIGN_STYLE = Automatic;
				DEVELOPMENT_TEAM = C78B9845HJ;
				INFOPLIST_FILE = Homeowrk4Tests/Info.plist;
				IPHONEOS_DEPLOYMENT_TARGET = 13.2;
				LD_RUNPATH_SEARCH_PATHS = (
					"$(inherited)",
					"@executable_path/Frameworks",
					"@loader_path/Frameworks",
				);
				PRODUCT_BUNDLE_IDENTIFIER = meta.Homeowrk4Tests;
				PRODUCT_NAME = "$(TARGET_NAME)";
				SWIFT_VERSION = 5.0;
				TARGETED_DEVICE_FAMILY = "1,2";
				TEST_HOST = "$(BUILT_PRODUCTS_DIR)/Homeowrk4.app/Homeowrk4";
			};
			name = Debug;
		};
		4522C23A240570FC00EBC524 /* Release */ = {
			isa = XCBuildConfiguration;
			buildSettings = {
				ALWAYS_EMBED_SWIFT_STANDARD_LIBRARIES = YES;
				BUNDLE_LOADER = "$(TEST_HOST)";
				CODE_SIGN_STYLE = Automatic;
				DEVELOPMENT_TEAM = C78B9845HJ;
				INFOPLIST_FILE = Homeowrk4Tests/Info.plist;
				IPHONEOS_DEPLOYMENT_TARGET = 13.2;
				LD_RUNPATH_SEARCH_PATHS = (
					"$(inherited)",
					"@executable_path/Frameworks",
					"@loader_path/Frameworks",
				);
				PRODUCT_BUNDLE_IDENTIFIER = meta.Homeowrk4Tests;
				PRODUCT_NAME = "$(TARGET_NAME)";
				SWIFT_VERSION = 5.0;
				TARGETED_DEVICE_FAMILY = "1,2";
				TEST_HOST = "$(BUILT_PRODUCTS_DIR)/Homeowrk4.app/Homeowrk4";
			};
			name = Release;
		};
		4522C23C240570FC00EBC524 /* Debug */ = {
			isa = XCBuildConfiguration;
			buildSettings = {
				ALWAYS_EMBED_SWIFT_STANDARD_LIBRARIES = YES;
				CODE_SIGN_STYLE = Automatic;
				DEVELOPMENT_TEAM = C78B9845HJ;
				INFOPLIST_FILE = Homeowrk4UITests/Info.plist;
				LD_RUNPATH_SEARCH_PATHS = (
					"$(inherited)",
					"@executable_path/Frameworks",
					"@loader_path/Frameworks",
				);
				PRODUCT_BUNDLE_IDENTIFIER = meta.Homeowrk4UITests;
				PRODUCT_NAME = "$(TARGET_NAME)";
				SWIFT_VERSION = 5.0;
				TARGETED_DEVICE_FAMILY = "1,2";
				TEST_TARGET_NAME = Homeowrk4;
			};
			name = Debug;
		};
		4522C23D240570FC00EBC524 /* Release */ = {
			isa = XCBuildConfiguration;
			buildSettings = {
				ALWAYS_EMBED_SWIFT_STANDARD_LIBRARIES = YES;
				CODE_SIGN_STYLE = Automatic;
				DEVELOPMENT_TEAM = C78B9845HJ;
				INFOPLIST_FILE = Homeowrk4UITests/Info.plist;
				LD_RUNPATH_SEARCH_PATHS = (
					"$(inherited)",
					"@executable_path/Frameworks",
					"@loader_path/Frameworks",
				);
				PRODUCT_BUNDLE_IDENTIFIER = meta.Homeowrk4UITests;
				PRODUCT_NAME = "$(TARGET_NAME)";
				SWIFT_VERSION = 5.0;
				TARGETED_DEVICE_FAMILY = "1,2";
				TEST_TARGET_NAME = Homeowrk4;
			};
			name = Release;
		};
/* End XCBuildConfiguration section */

/* Begin XCConfigurationList section */
		4522C206240570F200EBC524 /* Build configuration list for PBXProject "Homeowrk4" */ = {
			isa = XCConfigurationList;
			buildConfigurations = (
				4522C233240570FC00EBC524 /* Debug */,
				4522C234240570FC00EBC524 /* Release */,
			);
			defaultConfigurationIsVisible = 0;
			defaultConfigurationName = Release;
		};
		4522C235240570FC00EBC524 /* Build configuration list for PBXNativeTarget "Homeowrk4" */ = {
			isa = XCConfigurationList;
			buildConfigurations = (
				4522C236240570FC00EBC524 /* Debug */,
				4522C237240570FC00EBC524 /* Release */,
			);
			defaultConfigurationIsVisible = 0;
			defaultConfigurationName = Release;
		};
		4522C238240570FC00EBC524 /* Build configuration list for PBXNativeTarget "Homeowrk4Tests" */ = {
			isa = XCConfigurationList;
			buildConfigurations = (
				4522C239240570FC00EBC524 /* Debug */,
				4522C23A240570FC00EBC524 /* Release */,
			);
			defaultConfigurationIsVisible = 0;
			defaultConfigurationName = Release;
		};
		4522C23B240570FC00EBC524 /* Build configuration list for PBXNativeTarget "Homeowrk4UITests" */ = {
			isa = XCConfigurationList;
			buildConfigurations = (
				4522C23C240570FC00EBC524 /* Debug */,
				4522C23D240570FC00EBC524 /* Release */,
			);
			defaultConfigurationIsVisible = 0;
			defaultConfigurationName = Release;
		};
/* End XCConfigurationList section */
	};
	rootObject = 4522C203240570F200EBC524 /* Project object */;
}
